
Microsoft Visual Studio Solution File, Format Version 12.00
# Visual Studio 15
VisualStudioVersion = 15.0.27703.2035
MinimumVisualStudioVersion = 10.0.40219.1
Project("{FAE04EC0-301F-11D3-BF4B-00C04F79EFBC}") = "ObuvkaStore", "ObuvkaStore\ObuvkaStore.csproj", "{AA12F21E-0B29-46F0-BBEB-FFE5F064E79A}"
EndProject
Global
	GlobalSection(SolutionConfigurationPlatforms) = preSolution
		Debug|Any CPU = Debug|Any CPU
		Release|Any CPU = Release|Any CPU
	EndGlobalSection
	GlobalSection(ProjectConfigurationPlatforms) = postSolution
		{AA12F21E-0B29-46F0-BBEB-FFE5F064E79A}.Debug|Any CPU.ActiveCfg = Debug|Any CPU
		{AA12F21E-0B29-46F0-BBEB-FFE5F064E79A}.Debug|Any CPU.Build.0 = Debug|Any CPU
		{AA12F21E-0B29-46F0-BBEB-FFE5F064E79A}.Release|Any CPU.ActiveCfg = Release|Any CPU
		{AA12F21E-0B29-46F0-BBEB-FFE5F064E79A}.Release|Any CPU.Build.0 = Release|Any CPU
	EndGlobalSection
	GlobalSection(SolutionProperties) = preSolution
		HideSolutionNode = FALSE
	EndGlobalSection
	GlobalSection(ExtensibilityGlobals) = postSolution
		SolutionGuid = {26136310-A234-456F-81AB-2B9D5A7E60FE}
	EndGlobalSection
EndGlobal
